// !$*UTF8*$!
{
	archiveVersion = 1;
	classes = {
	};
	objectVersion = 50;
	objects = {

/* Begin PBXBuildFile section */
		1542C7D726F2C74E0075C696 /* UserListView.swift in Sources */ = {isa = PBXBuildFile; fileRef = 1542C7D626F2C74E0075C696 /* UserListView.swift */; };
		1542C7D926F2EAAF0075C696 /* PostListView.swift in Sources */ = {isa = PBXBuildFile; fileRef = 1542C7D826F2EAAF0075C696 /* PostListView.swift */; };
		15948BA126E18B80001B3C89 /* SocialAppApp.swift in Sources */ = {isa = PBXBuildFile; fileRef = 15948BA026E18B80001B3C89 /* SocialAppApp.swift */; };
		15948BA326E18B80001B3C89 /* ContentView.swift in Sources */ = {isa = PBXBuildFile; fileRef = 15948BA226E18B80001B3C89 /* ContentView.swift */; };
		15948BA526E18B81001B3C89 /* Assets.xcassets in Resources */ = {isa = PBXBuildFile; fileRef = 15948BA426E18B81001B3C89 /* Assets.xcassets */; };
		15948BA826E18B81001B3C89 /* Preview Assets.xcassets in Resources */ = {isa = PBXBuildFile; fileRef = 15948BA726E18B81001B3C89 /* Preview Assets.xcassets */; };
		15948BB326E18B81001B3C89 /* SocialAppTests.swift in Sources */ = {isa = PBXBuildFile; fileRef = 15948BB226E18B81001B3C89 /* SocialAppTests.swift */; };
		15948BBE26E18B81001B3C89 /* SocialAppUITests.swift in Sources */ = {isa = PBXBuildFile; fileRef = 15948BBD26E18B81001B3C89 /* SocialAppUITests.swift */; };
		15948BCD26E18C17001B3C89 /* User.swift in Sources */ = {isa = PBXBuildFile; fileRef = 15948BCC26E18C17001B3C89 /* User.swift */; };
		15948BD026E18E87001B3C89 /* UserViewModel.swift in Sources */ = {isa = PBXBuildFile; fileRef = 15948BCF26E18E87001B3C89 /* UserViewModel.swift */; };
		15948BD626E1985A001B3C89 /* URLSession+Map.swift in Sources */ = {isa = PBXBuildFile; fileRef = 15948BD526E1985A001B3C89 /* URLSession+Map.swift */; };
		15948BD826E1A423001B3C89 /* PostViewModel.swift in Sources */ = {isa = PBXBuildFile; fileRef = 15948BD726E1A423001B3C89 /* PostViewModel.swift */; };
		15948BDE26E1A59A001B3C89 /* Post.swift in Sources */ = {isa = PBXBuildFile; fileRef = 15948BDD26E1A59A001B3C89 /* Post.swift */; };
		15948BE026E1ABF1001B3C89 /* ObservableObject+Error.swift in Sources */ = {isa = PBXBuildFile; fileRef = 15948BDF26E1ABF1001B3C89 /* ObservableObject+Error.swift */; };
/* End PBXBuildFile section */

/* Begin PBXContainerItemProxy section */
		15948BAF26E18B81001B3C89 /* PBXContainerItemProxy */ = {
			isa = PBXContainerItemProxy;
			containerPortal = 15948B9526E18B80001B3C89 /* Project object */;
			proxyType = 1;
			remoteGlobalIDString = 15948B9C26E18B80001B3C89;
			remoteInfo = SocialApp;
		};
		15948BBA26E18B81001B3C89 /* PBXContainerItemProxy */ = {
			isa = PBXContainerItemProxy;
			containerPortal = 15948B9526E18B80001B3C89 /* Project object */;
			proxyType = 1;
			remoteGlobalIDString = 15948B9C26E18B80001B3C89;
			remoteInfo = SocialApp;
		};
/* End PBXContainerItemProxy section */

/* Begin PBXFileReference section */
		1542C7D626F2C74E0075C696 /* UserListView.swift */ = {isa = PBXFileReference; lastKnownFileType = sourcecode.swift; path = UserListView.swift; sourceTree = "<group>"; };
		1542C7D826F2EAAF0075C696 /* PostListView.swift */ = {isa = PBXFileReference; lastKnownFileType = sourcecode.swift; path = PostListView.swift; sourceTree = "<group>"; };
		15948B9D26E18B80001B3C89 /* SocialApp.app */ = {isa = PBXFileReference; explicitFileType = wrapper.application; includeInIndex = 0; path = SocialApp.app; sourceTree = BUILT_PRODUCTS_DIR; };
		15948BA026E18B80001B3C89 /* SocialAppApp.swift */ = {isa = PBXFileReference; lastKnownFileType = sourcecode.swift; path = SocialAppApp.swift; sourceTree = "<group>"; };
		15948BA226E18B80001B3C89 /* ContentView.swift */ = {isa = PBXFileReference; lastKnownFileType = sourcecode.swift; path = ContentView.swift; sourceTree = "<group>"; };
		15948BA426E18B81001B3C89 /* Assets.xcassets */ = {isa = PBXFileReference; lastKnownFileType = folder.assetcatalog; path = Assets.xcassets; sourceTree = "<group>"; };
		15948BA726E18B81001B3C89 /* Preview Assets.xcassets */ = {isa = PBXFileReference; lastKnownFileType = folder.assetcatalog; path = "Preview Assets.xcassets"; sourceTree = "<group>"; };
		15948BA926E18B81001B3C89 /* Info.plist */ = {isa = PBXFileReference; lastKnownFileType = text.plist.xml; path = Info.plist; sourceTree = "<group>"; };
		15948BAE26E18B81001B3C89 /* SocialAppTests.xctest */ = {isa = PBXFileReference; explicitFileType = wrapper.cfbundle; includeInIndex = 0; path = SocialAppTests.xctest; sourceTree = BUILT_PRODUCTS_DIR; };
		15948BB226E18B81001B3C89 /* SocialAppTests.swift */ = {isa = PBXFileReference; lastKnownFileType = sourcecode.swift; path = SocialAppTests.swift; sourceTree = "<group>"; };
		15948BB426E18B81001B3C89 /* Info.plist */ = {isa = PBXFileReference; lastKnownFileType = text.plist.xml; path = Info.plist; sourceTree = "<group>"; };
		15948BB926E18B81001B3C89 /* SocialAppUITests.xctest */ = {isa = PBXFileReference; explicitFileType = wrapper.cfbundle; includeInIndex = 0; path = SocialAppUITests.xctest; sourceTree = BUILT_PRODUCTS_DIR; };
		15948BBD26E18B81001B3C89 /* SocialAppUITests.swift */ = {isa = PBXFileReference; lastKnownFileType = sourcecode.swift; path = SocialAppUITests.swift; sourceTree = "<group>"; };
		15948BBF26E18B81001B3C89 /* Info.plist */ = {isa = PBXFileReference; lastKnownFileType = text.plist.xml; path = Info.plist; sourceTree = "<group>"; };
		15948BCC26E18C17001B3C89 /* User.swift */ = {isa = PBXFileReference; lastKnownFileType = sourcecode.swift; path = User.swift; sourceTree = "<group>"; };
		15948BCF26E18E87001B3C89 /* UserViewModel.swift */ = {isa = PBXFileReference; lastKnownFileType = sourcecode.swift; path = UserViewModel.swift; sourceTree = "<group>"; };
		15948BD526E1985A001B3C89 /* URLSession+Map.swift */ = {isa = PBXFileReference; lastKnownFileType = sourcecode.swift; path = "URLSession+Map.swift"; sourceTree = "<group>"; };
		15948BD726E1A423001B3C89 /* PostViewModel.swift */ = {isa = PBXFileReference; lastKnownFileType = sourcecode.swift; path = PostViewModel.swift; sourceTree = "<group>"; };
		15948BDD26E1A59A001B3C89 /* Post.swift */ = {isa = PBXFileReference; lastKnownFileType = sourcecode.swift; path = Post.swift; sourceTree = "<group>"; };
		15948BDF26E1ABF1001B3C89 /* ObservableObject+Error.swift */ = {isa = PBXFileReference; lastKnownFileType = sourcecode.swift; path = "ObservableObject+Error.swift"; sourceTree = "<group>"; };
/* End PBXFileReference section */

/* Begin PBXFrameworksBuildPhase section */
		15948B9A26E18B80001B3C89 /* Frameworks */ = {
			isa = PBXFrameworksBuildPhase;
			buildActionMask = 2147483647;
			files = (
			);
			runOnlyForDeploymentPostprocessing = 0;
		};
		15948BAB26E18B81001B3C89 /* Frameworks */ = {
			isa = PBXFrameworksBuildPhase;
			buildActionMask = 2147483647;
			files = (
			);
			runOnlyForDeploymentPostprocessing = 0;
		};
		15948BB626E18B81001B3C89 /* Frameworks */ = {
			isa = PBXFrameworksBuildPhase;
			buildActionMask = 2147483647;
			files = (
			);
			runOnlyForDeploymentPostprocessing = 0;
		};
/* End PBXFrameworksBuildPhase section */

/* Begin PBXGroup section */
		1542C7D526F2C6A10075C696 /* View */ = {
			isa = PBXGroup;
			children = (
				1542C7D626F2C74E0075C696 /* UserListView.swift */,
				1542C7D826F2EAAF0075C696 /* PostListView.swift */,
			);
			path = View;
			sourceTree = "<group>";
		};
		15948B9426E18B80001B3C89 = {
			isa = PBXGroup;
			children = (
				15948B9F26E18B80001B3C89 /* SocialApp */,
				15948BB126E18B81001B3C89 /* SocialAppTests */,
				15948BBC26E18B81001B3C89 /* SocialAppUITests */,
				15948B9E26E18B80001B3C89 /* Products */,
			);
			sourceTree = "<group>";
		};
		15948B9E26E18B80001B3C89 /* Products */ = {
			isa = PBXGroup;
			children = (
				15948B9D26E18B80001B3C89 /* SocialApp.app */,
				15948BAE26E18B81001B3C89 /* SocialAppTests.xctest */,
				15948BB926E18B81001B3C89 /* SocialAppUITests.xctest */,
			);
			name = Products;
			sourceTree = "<group>";
		};
		15948B9F26E18B80001B3C89 /* SocialApp */ = {
			isa = PBXGroup;
			children = (
				1542C7D526F2C6A10075C696 /* View */,
				15948BD426E1982D001B3C89 /* Util */,
				15948BCE26E18E62001B3C89 /* ViewModel */,
				15948BCB26E18BF2001B3C89 /* Model */,
				15948BA026E18B80001B3C89 /* SocialAppApp.swift */,
				15948BA226E18B80001B3C89 /* ContentView.swift */,
				15948BA426E18B81001B3C89 /* Assets.xcassets */,
				15948BA926E18B81001B3C89 /* Info.plist */,
				15948BA626E18B81001B3C89 /* Preview Content */,
			);
			path = SocialApp;
			sourceTree = "<group>";
		};
		15948BA626E18B81001B3C89 /* Preview Content */ = {
			isa = PBXGroup;
			children = (
				15948BA726E18B81001B3C89 /* Preview Assets.xcassets */,
			);
			path = "Preview Content";
			sourceTree = "<group>";
		};
		15948BB126E18B81001B3C89 /* SocialAppTests */ = {
			isa = PBXGroup;
			children = (
				15948BB226E18B81001B3C89 /* SocialAppTests.swift */,
				15948BB426E18B81001B3C89 /* Info.plist */,
			);
			path = SocialAppTests;
			sourceTree = "<group>";
		};
		15948BBC26E18B81001B3C89 /* SocialAppUITests */ = {
			isa = PBXGroup;
			children = (
				15948BBD26E18B81001B3C89 /* SocialAppUITests.swift */,
				15948BBF26E18B81001B3C89 /* Info.plist */,
			);
			path = SocialAppUITests;
			sourceTree = "<group>";
		};
		15948BCB26E18BF2001B3C89 /* Model */ = {
			isa = PBXGroup;
			children = (
				15948BCC26E18C17001B3C89 /* User.swift */,
				15948BDD26E1A59A001B3C89 /* Post.swift */,
			);
			path = Model;
			sourceTree = "<group>";
		};
		15948BCE26E18E62001B3C89 /* ViewModel */ = {
			isa = PBXGroup;
			children = (
				15948BCF26E18E87001B3C89 /* UserViewModel.swift */,
				15948BD726E1A423001B3C89 /* PostViewModel.swift */,
			);
			path = ViewModel;
			sourceTree = "<group>";
		};
		15948BD426E1982D001B3C89 /* Util */ = {
			isa = PBXGroup;
			children = (
				15948BD526E1985A001B3C89 /* URLSession+Map.swift */,
				15948BDF26E1ABF1001B3C89 /* ObservableObject+Error.swift */,
			);
			path = Util;
			sourceTree = "<group>";
		};
/* End PBXGroup section */

/* Begin PBXNativeTarget section */
		15948B9C26E18B80001B3C89 /* SocialApp */ = {
			isa = PBXNativeTarget;
			buildConfigurationList = 15948BC226E18B81001B3C89 /* Build configuration list for PBXNativeTarget "SocialApp" */;
			buildPhases = (
				15948B9926E18B80001B3C89 /* Sources */,
				15948B9A26E18B80001B3C89 /* Frameworks */,
				15948B9B26E18B80001B3C89 /* Resources */,
			);
			buildRules = (
			);
			dependencies = (
			);
			name = SocialApp;
			productName = SocialApp;
			productReference = 15948B9D26E18B80001B3C89 /* SocialApp.app */;
			productType = "com.apple.product-type.application";
		};
		15948BAD26E18B81001B3C89 /* SocialAppTests */ = {
			isa = PBXNativeTarget;
			buildConfigurationList = 15948BC526E18B81001B3C89 /* Build configuration list for PBXNativeTarget "SocialAppTests" */;
			buildPhases = (
				15948BAA26E18B81001B3C89 /* Sources */,
				15948BAB26E18B81001B3C89 /* Frameworks */,
				15948BAC26E18B81001B3C89 /* Resources */,
			);
			buildRules = (
			);
			dependencies = (
				15948BB026E18B81001B3C89 /* PBXTargetDependency */,
			);
			name = SocialAppTests;
			productName = SocialAppTests;
			productReference = 15948BAE26E18B81001B3C89 /* SocialAppTests.xctest */;
			productType = "com.apple.product-type.bundle.unit-test";
		};
		15948BB826E18B81001B3C89 /* SocialAppUITests */ = {
			isa = PBXNativeTarget;
			buildConfigurationList = 15948BC826E18B81001B3C89 /* Build configuration list for PBXNativeTarget "SocialAppUITests" */;
			buildPhases = (
				15948BB526E18B81001B3C89 /* Sources */,
				15948BB626E18B81001B3C89 /* Frameworks */,
				15948BB726E18B81001B3C89 /* Resources */,
			);
			buildRules = (
			);
			dependencies = (
				15948BBB26E18B81001B3C89 /* PBXTargetDependency */,
			);
			name = SocialAppUITests;
			productName = SocialAppUITests;
			productReference = 15948BB926E18B81001B3C89 /* SocialAppUITests.xctest */;
			productType = "com.apple.product-type.bundle.ui-testing";
		};
/* End PBXNativeTarget section */

/* Begin PBXProject section */
		15948B9526E18B80001B3C89 /* Project object */ = {
			isa = PBXProject;
			attributes = {
				LastSwiftUpdateCheck = 1250;
				LastUpgradeCheck = 1250;
				TargetAttributes = {
					15948B9C26E18B80001B3C89 = {
						CreatedOnToolsVersion = 12.5.1;
					};
					15948BAD26E18B81001B3C89 = {
						CreatedOnToolsVersion = 12.5.1;
						TestTargetID = 15948B9C26E18B80001B3C89;
					};
					15948BB826E18B81001B3C89 = {
						CreatedOnToolsVersion = 12.5.1;
						TestTargetID = 15948B9C26E18B80001B3C89;
					};
				};
			};
			buildConfigurationList = 15948B9826E18B80001B3C89 /* Build configuration list for PBXProject "SocialApp" */;
			compatibilityVersion = "Xcode 9.3";
			developmentRegion = en;
			hasScannedForEncodings = 0;
			knownRegions = (
				en,
				Base,
			);
			mainGroup = 15948B9426E18B80001B3C89;
			productRefGroup = 15948B9E26E18B80001B3C89 /* Products */;
			projectDirPath = "";
			projectRoot = "";
			targets = (
				15948B9C26E18B80001B3C89 /* SocialApp */,
				15948BAD26E18B81001B3C89 /* SocialAppTests */,
				15948BB826E18B81001B3C89 /* SocialAppUITests */,
			);
		};
/* End PBXProject section */

/* Begin PBXResourcesBuildPhase section */
		15948B9B26E18B80001B3C89 /* Resources */ = {
			isa = PBXResourcesBuildPhase;
			buildActionMask = 2147483647;
			files = (
				15948BA826E18B81001B3C89 /* Preview Assets.xcassets in Resources */,
				15948BA526E18B81001B3C89 /* Assets.xcassets in Resources */,
			);
			runOnlyForDeploymentPostprocessing = 0;
		};
		15948BAC26E18B81001B3C89 /* Resources */ = {
			isa = PBXResourcesBuildPhase;
			buildActionMask = 2147483647;
			files = (
			);
			runOnlyForDeploymentPostprocessing = 0;
		};
		15948BB726E18B81001B3C89 /* Resources */ = {
			isa = PBXResourcesBuildPhase;
			buildActionMask = 2147483647;
			files = (
			);
			runOnlyForDeploymentPostprocessing = 0;
		};
/* End PBXResourcesBuildPhase section */

/* Begin PBXSourcesBuildPhase section */
		15948B9926E18B80001B3C89 /* Sources */ = {
			isa = PBXSourcesBuildPhase;
			buildActionMask = 2147483647;
			files = (
				15948BA326E18B80001B3C89 /* ContentView.swift in Sources */,
				1542C7D726F2C74E0075C696 /* UserListView.swift in Sources */,
				15948BE026E1ABF1001B3C89 /* ObservableObject+Error.swift in Sources */,
				15948BD826E1A423001B3C89 /* PostViewModel.swift in Sources */,
				1542C7D926F2EAAF0075C696 /* PostListView.swift in Sources */,
				15948BD626E1985A001B3C89 /* URLSession+Map.swift in Sources */,
				15948BD026E18E87001B3C89 /* UserViewModel.swift in Sources */,
				15948BDE26E1A59A001B3C89 /* Post.swift in Sources */,
				15948BA126E18B80001B3C89 /* SocialAppApp.swift in Sources */,
				15948BCD26E18C17001B3C89 /* User.swift in Sources */,
			);
			runOnlyForDeploymentPostprocessing = 0;
		};
		15948BAA26E18B81001B3C89 /* Sources */ = {
			isa = PBXSourcesBuildPhase;
			buildActionMask = 2147483647;
			files = (
				15948BB326E18B81001B3C89 /* SocialAppTests.swift in Sources */,
			);
			runOnlyForDeploymentPostprocessing = 0;
		};
		15948BB526E18B81001B3C89 /* Sources */ = {
			isa = PBXSourcesBuildPhase;
			buildActionMask = 2147483647;
			files = (
				15948BBE26E18B81001B3C89 /* SocialAppUITests.swift in Sources */,
			);
			runOnlyForDeploymentPostprocessing = 0;
		};
/* End PBXSourcesBuildPhase section */

/* Begin PBXTargetDependency section */
		15948BB026E18B81001B3C89 /* PBXTargetDependency */ = {
			isa = PBXTargetDependency;
			target = 15948B9C26E18B80001B3C89 /* SocialApp */;
			targetProxy = 15948BAF26E18B81001B3C89 /* PBXContainerItemProxy */;
		};
		15948BBB26E18B81001B3C89 /* PBXTargetDependency */ = {
			isa = PBXTargetDependency;
			target = 15948B9C26E18B80001B3C89 /* SocialApp */;
			targetProxy = 15948BBA26E18B81001B3C89 /* PBXContainerItemProxy */;
		};
/* End PBXTargetDependency section */

/* Begin XCBuildConfiguration section */
		15948BC026E18B81001B3C89 /* Debug */ = {
			isa = XCBuildConfiguration;
			buildSettings = {
				ALWAYS_SEARCH_USER_PATHS = NO;
				CLANG_ANALYZER_NONNULL = YES;
				CLANG_ANALYZER_NUMBER_OBJECT_CONVERSION = YES_AGGRESSIVE;
				CLANG_CXX_LANGUAGE_STANDARD = "gnu++14";
				CLANG_CXX_LIBRARY = "libc++";
				CLANG_ENABLE_MODULES = YES;
				CLANG_ENABLE_OBJC_ARC = YES;
				CLANG_ENABLE_OBJC_WEAK = YES;
				CLANG_WARN_BLOCK_CAPTURE_AUTORELEASING = YES;
				CLANG_WARN_BOOL_CONVERSION = YES;
				CLANG_WARN_COMMA = YES;
				CLANG_WARN_CONSTANT_CONVERSION = YES;
				CLANG_WARN_DEPRECATED_OBJC_IMPLEMENTATIONS = YES;
				CLANG_WARN_DIRECT_OBJC_ISA_USAGE = YES_ERROR;
				CLANG_WARN_DOCUMENTATION_COMMENTS = YES;
				CLANG_WARN_EMPTY_BODY = YES;
				CLANG_WARN_ENUM_CONVERSION = YES;
				CLANG_WARN_INFINITE_RECURSION = YES;
				CLANG_WARN_INT_CONVERSION = YES;
				CLANG_WARN_NON_LITERAL_NULL_CONVERSION = YES;
				CLANG_WARN_OBJC_IMPLICIT_RETAIN_SELF = YES;
				CLANG_WARN_OBJC_LITERAL_CONVERSION = YES;
				CLANG_WARN_OBJC_ROOT_CLASS = YES_ERROR;
				CLANG_WARN_QUOTED_INCLUDE_IN_FRAMEWORK_HEADER = YES;
				CLANG_WARN_RANGE_LOOP_ANALYSIS = YES;
				CLANG_WARN_STRICT_PROTOTYPES = YES;
				CLANG_WARN_SUSPICIOUS_MOVE = YES;
				CLANG_WARN_UNGUARDED_AVAILABILITY = YES_AGGRESSIVE;
				CLANG_WARN_UNREACHABLE_CODE = YES;
				CLANG_WARN__DUPLICATE_METHOD_MATCH = YES;
				COPY_PHASE_STRIP = NO;
				DEBUG_INFORMATION_FORMAT = dwarf;
				ENABLE_STRICT_OBJC_MSGSEND = YES;
				ENABLE_TESTABILITY = YES;
				GCC_C_LANGUAGE_STANDARD = gnu11;
				GCC_DYNAMIC_NO_PIC = NO;
				GCC_NO_COMMON_BLOCKS = YES;
				GCC_OPTIMIZATION_LEVEL = 0;
				GCC_PREPROCESSOR_DEFINITIONS = (
					"DEBUG=1",
					"$(inherited)",
				);
				GCC_WARN_64_TO_32_BIT_CONVERSION = YES;
				GCC_WARN_ABOUT_RETURN_TYPE = YES_ERROR;
				GCC_WARN_UNDECLARED_SELECTOR = YES;
				GCC_WARN_UNINITIALIZED_AUTOS = YES_AGGRESSIVE;
				GCC_WARN_UNUSED_FUNCTION = YES;
				GCC_WARN_UNUSED_VARIABLE = YES;
				IPHONEOS_DEPLOYMENT_TARGET = 14.5;
				MTL_ENABLE_DEBUG_INFO = INCLUDE_SOURCE;
				MTL_FAST_MATH = YES;
				ONLY_ACTIVE_ARCH = YES;
				SDKROOT = iphoneos;
				SWIFT_ACTIVE_COMPILATION_CONDITIONS = DEBUG;
				SWIFT_OPTIMIZATION_LEVEL = "-Onone";
			};
			name = Debug;
		};
		15948BC126E18B81001B3C89 /* Release */ = {
			isa = XCBuildConfiguration;
			buildSettings = {
				ALWAYS_SEARCH_USER_PATHS = NO;
				CLANG_ANALYZER_NONNULL = YES;
				CLANG_ANALYZER_NUMBER_OBJECT_CONVERSION = YES_AGGRESSIVE;
				CLANG_CXX_LANGUAGE_STANDARD = "gnu++14";
				CLANG_CXX_LIBRARY = "libc++";
				CLANG_ENABLE_MODULES = YES;
				CLANG_ENABLE_OBJC_ARC = YES;
				CLANG_ENABLE_OBJC_WEAK = YES;
				CLANG_WARN_BLOCK_CAPTURE_AUTORELEASING = YES;
				CLANG_WARN_BOOL_CONVERSION = YES;
				CLANG_WARN_COMMA = YES;
				CLANG_WARN_CONSTANT_CONVERSION = YES;
				CLANG_WARN_DEPRECATED_OBJC_IMPLEMENTATIONS = YES;
				CLANG_WARN_DIRECT_OBJC_ISA_USAGE = YES_ERROR;
				CLANG_WARN_DOCUMENTATION_COMMENTS = YES;
				CLANG_WARN_EMPTY_BODY = YES;
				CLANG_WARN_ENUM_CONVERSION = YES;
				CLANG_WARN_INFINITE_RECURSION = YES;
				CLANG_WARN_INT_CONVERSION = YES;
				CLANG_WARN_NON_LITERAL_NULL_CONVERSION = YES;
				CLANG_WARN_OBJC_IMPLICIT_RETAIN_SELF = YES;
				CLANG_WARN_OBJC_LITERAL_CONVERSION = YES;
				CLANG_WARN_OBJC_ROOT_CLASS = YES_ERROR;
				CLANG_WARN_QUOTED_INCLUDE_IN_FRAMEWORK_HEADER = YES;
				CLANG_WARN_RANGE_LOOP_ANALYSIS = YES;
				CLANG_WARN_STRICT_PROTOTYPES = YES;
				CLANG_WARN_SUSPICIOUS_MOVE = YES;
				CLANG_WARN_UNGUARDED_AVAILABILITY = YES_AGGRESSIVE;
				CLANG_WARN_UNREACHABLE_CODE = YES;
				CLANG_WARN__DUPLICATE_METHOD_MATCH = YES;
				COPY_PHASE_STRIP = NO;
				DEBUG_INFORMATION_FORMAT = "dwarf-with-dsym";
				ENABLE_NS_ASSERTIONS = NO;
				ENABLE_STRICT_OBJC_MSGSEND = YES;
				GCC_C_LANGUAGE_STANDARD = gnu11;
				GCC_NO_COMMON_BLOCKS = YES;
				GCC_WARN_64_TO_32_BIT_CONVERSION = YES;
				GCC_WARN_ABOUT_RETURN_TYPE = YES_ERROR;
				GCC_WARN_UNDECLARED_SELECTOR = YES;
				GCC_WARN_UNINITIALIZED_AUTOS = YES_AGGRESSIVE;
				GCC_WARN_UNUSED_FUNCTION = YES;
				GCC_WARN_UNUSED_VARIABLE = YES;
				IPHONEOS_DEPLOYMENT_TARGET = 14.5;
				MTL_ENABLE_DEBUG_INFO = NO;
				MTL_FAST_MATH = YES;
				SDKROOT = iphoneos;
				SWIFT_COMPILATION_MODE = wholemodule;
				SWIFT_OPTIMIZATION_LEVEL = "-O";
				VALIDATE_PRODUCT = YES;
			};
			name = Release;
		};
		15948BC326E18B81001B3C89 /* Debug */ = {
			isa = XCBuildConfiguration;
			buildSettings = {
				ASSETCATALOG_COMPILER_APPICON_NAME = AppIcon;
				ASSETCATALOG_COMPILER_GLOBAL_ACCENT_COLOR_NAME = AccentColor;
				CODE_SIGN_STYLE = Automatic;
				DEVELOPMENT_ASSET_PATHS = "\"SocialApp/Preview Content\"";
				ENABLE_PREVIEWS = YES;
				INFOPLIST_FILE = SocialApp/Info.plist;
				IPHONEOS_DEPLOYMENT_TARGET = 14.0;
				LD_RUNPATH_SEARCH_PATHS = (
					"$(inherited)",
					"@executable_path/Frameworks",
				);
				PRODUCT_BUNDLE_IDENTIFIER = "Levi-Lunique.SocialApp";
				PRODUCT_NAME = "$(TARGET_NAME)";
				SWIFT_VERSION = 5.0;
				TARGETED_DEVICE_FAMILY = "1,2";
			};
			name = Debug;
		};
		15948BC426E18B81001B3C89 /* Release */ = {
			isa = XCBuildConfiguration;
			buildSettings = {
				ASSETCATALOG_COMPILER_APPICON_NAME = AppIcon;
				ASSETCATALOG_COMPILER_GLOBAL_ACCENT_COLOR_NAME = AccentColor;
				CODE_SIGN_STYLE = Automatic;
				DEVELOPMENT_ASSET_PATHS = "\"SocialApp/Preview Content\"";
				ENABLE_PREVIEWS = YES;
				INFOPLIST_FILE = SocialApp/Info.plist;
				IPHONEOS_DEPLOYMENT_TARGET = 14.0;
				LD_RUNPATH_SEARCH_PATHS = (
					"$(inherited)",
					"@executable_path/Frameworks",
				);
				PRODUCT_BUNDLE_IDENTIFIER = "Levi-Lunique.SocialApp";
				PRODUCT_NAME = "$(TARGET_NAME)";
				SWIFT_VERSION = 5.0;
				TARGETED_DEVICE_FAMILY = "1,2";
			};
			name = Release;
		};
		15948BC626E18B81001B3C89 /* Debug */ = {
			isa = XCBuildConfiguration;
			buildSettings = {
				ALWAYS_EMBED_SWIFT_STANDARD_LIBRARIES = YES;
				BUNDLE_LOADER = "$(TEST_HOST)";
				CODE_SIGN_STYLE = Automatic;
				INFOPLIST_FILE = SocialAppTests/Info.plist;
				IPHONEOS_DEPLOYMENT_TARGET = 14.0;
				LD_RUNPATH_SEARCH_PATHS = (
					"$(inherited)",
					"@executable_path/Frameworks",
					"@loader_path/Frameworks",
				);
				PRODUCT_BUNDLE_IDENTIFIER = "Levi-Lunique.SocialAppTests";
				PRODUCT_NAME = "$(TARGET_NAME)";
				SWIFT_VERSION = 5.0;
				TARGETED_DEVICE_FAMILY = "1,2";
				TEST_HOST = "$(BUILT_PRODUCTS_DIR)/SocialApp.app/SocialApp";
			};
			name = Debug;
		};
		15948BC726E18B81001B3C89 /* Release */ = {
			isa = XCBuildConfiguration;
			buildSettings = {
				ALWAYS_EMBED_SWIFT_STANDARD_LIBRARIES = YES;
				BUNDLE_LOADER = "$(TEST_HOST)";
				CODE_SIGN_STYLE = Automatic;
				INFOPLIST_FILE = SocialAppTests/Info.plist;
				IPHONEOS_DEPLOYMENT_TARGET = 14.0;
				LD_RUNPATH_SEARCH_PATHS = (
					"$(inherited)",
					"@executable_path/Frameworks",
					"@loader_path/Frameworks",
				);
				PRODUCT_BUNDLE_IDENTIFIER = "Levi-Lunique.SocialAppTests";
				PRODUCT_NAME = "$(TARGET_NAME)";
				SWIFT_VERSION = 5.0;
				TARGETED_DEVICE_FAMILY = "1,2";
				TEST_HOST = "$(BUILT_PRODUCTS_DIR)/SocialApp.app/SocialApp";
			};
			name = Release;
		};
		15948BC926E18B81001B3C89 /* Debug */ = {
			isa = XCBuildConfiguration;
			buildSettings = {
				ALWAYS_EMBED_SWIFT_STANDARD_LIBRARIES = YES;
				CODE_SIGN_STYLE = Automatic;
				INFOPLIST_FILE = SocialAppUITests/Info.plist;
				LD_RUNPATH_SEARCH_PATHS = (
					"$(inherited)",
					"@executable_path/Frameworks",
					"@loader_path/Frameworks",
				);
				PRODUCT_BUNDLE_IDENTIFIER = "Levi-Lunique.SocialAppUITests";
				PRODUCT_NAME = "$(TARGET_NAME)";
				SWIFT_VERSION = 5.0;
				TARGETED_DEVICE_FAMILY = "1,2";
				TEST_TARGET_NAME = SocialApp;
			};
			name = Debug;
		};
		15948BCA26E18B81001B3C89 /* Release */ = {
			isa = XCBuildConfiguration;
			buildSettings = {
				ALWAYS_EMBED_SWIFT_STANDARD_LIBRARIES = YES;
				CODE_SIGN_STYLE = Automatic;
				INFOPLIST_FILE = SocialAppUITests/Info.plist;
				LD_RUNPATH_SEARCH_PATHS = (
					"$(inherited)",
					"@executable_path/Frameworks",
					"@loader_path/Frameworks",
				);
				PRODUCT_BUNDLE_IDENTIFIER = "Levi-Lunique.SocialAppUITests";
				PRODUCT_NAME = "$(TARGET_NAME)";
				SWIFT_VERSION = 5.0;
				TARGETED_DEVICE_FAMILY = "1,2";
				TEST_TARGET_NAME = SocialApp;
			};
			name = Release;
		};
/* End XCBuildConfiguration section */

/* Begin XCConfigurationList section */
		15948B9826E18B80001B3C89 /* Build configuration list for PBXProject "SocialApp" */ = {
			isa = XCConfigurationList;
			buildConfigurations = (
				15948BC026E18B81001B3C89 /* Debug */,
				15948BC126E18B81001B3C89 /* Release */,
			);
			defaultConfigurationIsVisible = 0;
			defaultConfigurationName = Release;
		};
		15948BC226E18B81001B3C89 /* Build configuration list for PBXNativeTarget "SocialApp" */ = {
			isa = XCConfigurationList;
			buildConfigurations = (
				15948BC326E18B81001B3C89 /* Debug */,
				15948BC426E18B81001B3C89 /* Release */,
			);
			defaultConfigurationIsVisible = 0;
			defaultConfigurationName = Release;
		};
		15948BC526E18B81001B3C89 /* Build configuration list for PBXNativeTarget "SocialAppTests" */ = {
			isa = XCConfigurationList;
			buildConfigurations = (
				15948BC626E18B81001B3C89 /* Debug */,
				15948BC726E18B81001B3C89 /* Release */,
			);
			defaultConfigurationIsVisible = 0;
			defaultConfigurationName = Release;
		};
		15948BC826E18B81001B3C89 /* Build configuration list for PBXNativeTarget "SocialAppUITests" */ = {
			isa = XCConfigurationList;
			buildConfigurations = (
				15948BC926E18B81001B3C89 /* Debug */,
				15948BCA26E18B81001B3C89 /* Release */,
			);
			defaultConfigurationIsVisible = 0;
			defaultConfigurationName = Release;
		};
/* End XCConfigurationList section */
	};
	rootObject = 15948B9526E18B80001B3C89 /* Project object */;
}
